version = 1
revision = 3
requires-python = ">=3.13"

[[package]]
name = "behave"
version = "1.3.3"
source = { registry = "https://pypi.org/simple" }
dependencies = [
    { name = "colorama" },
    { name = "cucumber-expressions" },
    { name = "cucumber-tag-expressions" },
    { name = "parse" },
    { name = "parse-type" },
    { name = "six" },
]
sdist = { url = "https://files.pythonhosted.org/packages/62/51/f37442fe648b3e35ecf69bee803fa6db3f74c5b46d6c882d0bc5654185a2/behave-1.3.3.tar.gz", hash = "sha256:2b8f4b64ed2ea756a5a2a73e23defc1c4631e9e724c499e46661778453ebaf51", size = 892639, upload-time = "2025-09-04T12:12:02.531Z" }
wheels = [
    { url = "https://files.pythonhosted.org/packages/63/71/06f74ffed6d74525c5cd6677c97bd2df0b7649e47a249cf6a0c2038083b2/behave-1.3.3-py2.py3-none-any.whl", hash = "sha256:89bdb62af8fb9f147ce245736a5de69f025e5edfb66f1fbe16c5007493f842c0", size = 223594, upload-time = "2025-09-04T12:12:00.3Z" },
]

[[package]]
name = "colorama"
version = "0.4.6"
source = { registry = "https://pypi.org/simple" }
sdist = { url = "https://files.pythonhosted.org/packages/d8/53/6f443c9a4a8358a93a6792e2acffb9d9d5cb0a5cfd8802644b7b1c9a02e4/colorama-0.4.6.tar.gz", hash = "sha256:08695f5cb7ed6e0531a20572697297273c47b8cae5a63ffc6d6ed5c201be6e44", size = 27697, upload-time = "2022-10-25T02:36:22.414Z" }
wheels = [
    { url = "https://files.pythonhosted.org/packages/d1/d6/3965ed04c63042e047cb6a3e6ed1a63a35087b6a609aa3a15ed8ac56c221/colorama-0.4.6-py2.py3-none-any.whl", hash = "sha256:4f1d9991f5acc0ca119f9d443620b77f9d6b33703e51011c16baf57afb285fc6", size = 25335, upload-time = "2022-10-25T02:36:20.889Z" },
]

[[package]]
name = "cucumber-expressions"
version = "19.0.1"
source = { registry = "https://pypi.org/simple" }
sdist = { url = "https://files.pythonhosted.org/packages/e4/85/6e7f4ef1b673a45c716e5c9c8998918dd092530b7ab4c2203bdf1dbca2f9/cucumber_expressions-19.0.1.tar.gz", hash = "sha256:4b5283aed366a6fc37d02d6c42d58a9a2fdca1d17535aaace9b61daabc947cd4", size = 13743, upload-time = "2026-05-22T19:46:29.444Z" }
wheels = [
    { url = "https://files.pythonhosted.org/packages/1d/e4/1d68e3aa62b4cb8cee0b3b36170eb101adbfb36d59ec84848ec63cc02d5b/cucumber_expressions-19.0.1-py3-none-any.whl", hash = "sha256:391edfdd750d0e12b97254e80470337f82315552a4d55404da363369dc84460d", size = 20242, upload-time = "2026-05-22T19:46:30.151Z" },
]

[[package]]
name = "cucumber-tag-expressions"
version = "9.1.0"
source = { registry = "https://pypi.org/simple" }
sdist = { url = "https://files.pythonhosted.org/packages/b1/e0/de0b292a533846def28a4373a00c883ffa5ed986ca79f0284bd69a6297b8/cucumber_tag_expressions-9.1.0.tar.gz", hash = "sha256:d960383d5885300ebcbcb14e41657946fde2a59d5c0f485eb291bc6a0e228acc", size = 8437, upload-time = "2026-02-17T21:59:06.072Z" }
wheels = [
    { url = "https://files.pythonhosted.org/packages/6b/cf/8e8d034f7d55fceb2e4765bf9fab5da6d6a09204cd09de7bb5054f242cd0/cucumber_tag_expressions-9.1.0-py3-none-any.whl", hash = "sha256:cca145d677a942c1877e5a2cf13da8c6ec99260988877c817efd284d8455bb56", size = 9726, upload-time = "2026-02-17T21:59:04.755Z" },
]

[[package]]
name = "exercicio-10"
version = "0.1.0"
source = { virtual = "." }

[package.dev-dependencies]
dev = [
    { name = "behave" },
]

[package.metadata]

[package.metadata.requires-dev]
dev = [{ name = "behave", specifier = ">=1.3.3" }]

[[package]]
name = "parse"
version = "1.22.1"
source = { registry = "https://pypi.org/simple" }
sdist = { url = "https://files.pythonhosted.org/packages/a4/f2/0b504486c2a5564798607d3860e48ed19c6443d5e9cc3ec61cc6b8b4ef58/parse-1.22.1.tar.gz", hash = "sha256:d3a4740ec3da338e2b258b2d69741b731eadfddca59e24a14bc4ee5fce38c911", size = 36970, upload-time = "2026-05-26T03:44:52.624Z" }
wheels = [
    { url = "https://files.pythonhosted.org/packages/6f/c5/7c16e99869e1f422629092cfd23e3b58e461988c3f9c36fd3624bb4142e6/parse-1.22.1-py2.py3-none-any.whl", hash = "sha256:20f0925a46f06602485ac90d751764d0697fd8455aaa97489ba8953a4b66de32", size = 20925, upload-time = "2026-05-26T03:44:51.156Z" },
]

[[package]]
name = "parse-type"
version = "0.6.6"
source = { registry = "https://pypi.org/simple" }
dependencies = [
    { name = "parse" },
    { name = "six" },
]
sdist = { url = "https://files.pythonhosted.org/packages/19/ea/42ba6ce0abba04ab6e0b997dcb9b528a4661b62af1fe1b0d498120d5ea78/parse_type-0.6.6.tar.gz", hash = "sha256:513a3784104839770d690e04339a8b4d33439fcd5dd99f2e4580f9fc1097bfb2", size = 98012, upload-time = "2025-08-11T22:53:48.066Z" }
wheels = [
    { url = "https://files.pythonhosted.org/packages/85/8d/eef3d8cdccc32abdd91b1286884c99b8c3a6d3b135affcc2a7a0f383bb32/parse_type-0.6.6-py2.py3-none-any.whl", hash = "sha256:3ca79bbe71e170dfccc8ec6c341edfd1c2a0fc1e5cfd18330f93af938de2348c", size = 27085, upload-time = "2025-08-11T22:53:46.396Z" },
]

[[package]]
name = "six"
version = "1.17.0"
source = { registry = "https://pypi.org/simple" }
sdist = { url = "https://files.pythonhosted.org/packages/94/e7/b2c673351809dca68a0e064b6af791aa332cf192da575fd474ed7d6f16a2/six-1.17.0.tar.gz", hash = "sha256:ff70335d468e7eb6ec65b95b99d3a2836546063f63acc5171de367e834932a81", size = 34031, upload-time = "2024-12-04T17:35:28.174Z" }
wheels = [
    { url = "https://files.pythonhosted.org/packages/b7/ce/149a00dd41f10bc29e5921b496af8b574d8413afcd5e30dfa0ed46c2cc5e/six-1.17.0-py2.py3-none-any.whl", hash = "sha256:4721f391ed90541fddacab5acf947aa0d3dc7d27b2e1e8eda2be8970586c3274", size = 11050, upload-time = "2024-12-04T17:35:26.475Z" },
]
